// !$*UTF8*$!
{
	archiveVersion = 1;
	classes = {
	};
	objectVersion = 46;
	objects = {

/* Begin PBXBuildFile section */
		A8012B6C1E373B7100A3D64C /* AVFoundation.framework in Frameworks */ = {isa = PBXBuildFile; fileRef = A8012B6B1E373B7100A3D64C /* AVFoundation.framework */; };
		A8012B861E373BE900A3D64C /* voice_tire1_battery_low.wav in Resources */ = {isa = PBXBuildFile; fileRef = A8012B6E1E373BE900A3D64C /* voice_tire1_battery_low.wav */; };
		A8012B871E373BE900A3D64C /* voice_tire1_match_success.wav in Resources */ = {isa = PBXBuildFile; fileRef = A8012B6F1E373BE900A3D64C /* voice_tire1_match_success.wav */; };
		A8012B881E373BE900A3D64C /* voice_tire1_pressure_error.wav in Resources */ = {isa = PBXBuildFile; fileRef = A8012B701E373BE900A3D64C /* voice_tire1_pressure_error.wav */; };
		A8012B891E373BE900A3D64C /* voice_tire1_pressure_high.wav in Resources */ = {isa = PBXBuildFile; fileRef = A8012B711E373BE900A3D64C /* voice_tire1_pressure_high.wav */; };
		A8012B8A1E373BE900A3D64C /* voice_tire1_pressure_low.wav in Resources */ = {isa = PBXBuildFile; fileRef = A8012B721E373BE900A3D64C /* voice_tire1_pressure_low.wav */; };
		A8012B8B1E373BE900A3D64C /* voice_tire1_temp_high.wav in Resources */ = {isa = PBXBuildFile; fileRef = A8012B731E373BE900A3D64C /* voice_tire1_temp_high.wav */; };
		A8012B8C1E373BE900A3D64C /* voice_tire2_battery_low.wav in Resources */ = {isa = PBXBuildFile; fileRef = A8012B741E373BE900A3D64C /* voice_tire2_battery_low.wav */; };
		A8012B8D1E373BE900A3D64C /* voice_tire2_match_success.wav in Resources */ = {isa = PBXBuildFile; fileRef = A8012B751E373BE900A3D64C /* voice_tire2_match_success.wav */; };
		A8012B8E1E373BE900A3D64C /* voice_tire2_pressure_error.wav in Resources */ = {isa = PBXBuildFile; fileRef = A8012B761E373BE900A3D64C /* voice_tire2_pressure_error.wav */; };
		A8012B8F1E373BE900A3D64C /* voice_tire2_pressure_high.wav in Resources */ = {isa = PBXBuildFile; fileRef = A8012B771E373BE900A3D64C /* voice_tire2_pressure_high.wav */; };
		A8012B901E373BE900A3D64C /* voice_tire2_pressure_low.wav in Resources */ = {isa = PBXBuildFile; fileRef = A8012B781E373BE900A3D64C /* voice_tire2_pressure_low.wav */; };
		A8012B911E373BE900A3D64C /* voice_tire2_temp_high.wav in Resources */ = {isa = PBXBuildFile; fileRef = A8012B791E373BE900A3D64C /* voice_tire2_temp_high.wav */; };
		A8012B921E373BE900A3D64C /* voice_tire3_battery_low.wav in Resources */ = {isa = PBXBuildFile; fileRef = A8012B7A1E373BE900A3D64C /* voice_tire3_battery_low.wav */; };
		A8012B931E373BE900A3D64C /* voice_tire3_match_success.wav in Resources */ = {isa = PBXBuildFile; fileRef = A8012B7B1E373BE900A3D64C /* voice_tire3_match_success.wav */; };
		A8012B941E373BE900A3D64C /* voice_tire3_pressure_error.wav in Resources */ = {isa = PBXBuildFile; fileRef = A8012B7C1E373BE900A3D64C /* voice_tire3_pressure_error.wav */; };
		A8012B951E373BE900A3D64C /* voice_tire3_pressure_high.wav in Resources */ = {isa = PBXBuildFile; fileRef = A8012B7D1E373BE900A3D64C /* voice_tire3_pressure_high.wav */; };
		A8012B961E373BE900A3D64C /* voice_tire3_pressure_low.wav in Resources */ = {isa = PBXBuildFile; fileRef = A8012B7E1E373BE900A3D64C /* voice_tire3_pressure_low.wav */; };
		A8012B971E373BE900A3D64C /* voice_tire3_temp_high.wav in Resources */ = {isa = PBXBuildFile; fileRef = A8012B7F1E373BE900A3D64C /* voice_tire3_temp_high.wav */; };
		A8012B981E373BE900A3D64C /* voice_tire4_battery_low.wav in Resources */ = {isa = PBXBuildFile; fileRef = A8012B801E373BE900A3D64C /* voice_tire4_battery_low.wav */; };
		A8012B991E373BE900A3D64C /* voice_tire4_match_success.wav in Resources */ = {isa = PBXBuildFile; fileRef = A8012B811E373BE900A3D64C /* voice_tire4_match_success.wav */; };
		A8012B9A1E373BE900A3D64C /* voice_tire4_pressure_error.wav in Resources */ = {isa = PBXBuildFile; fileRef = A8012B821E373BE900A3D64C /* voice_tire4_pressure_error.wav */; };
		A8012B9B1E373BE900A3D64C /* voice_tire4_pressure_high.wav in Resources */ = {isa = PBXBuildFile; fileRef = A8012B831E373BE900A3D64C /* voice_tire4_pressure_high.wav */; };
		A8012B9C1E373BE900A3D64C /* voice_tire4_pressure_low.wav in Resources */ = {isa = PBXBuildFile; fileRef = A8012B841E373BE900A3D64C /* voice_tire4_pressure_low.wav */; };
		A8012B9D1E373BE900A3D64C /* voice_tire4_temp_high.wav in Resources */ = {isa = PBXBuildFile; fileRef = A8012B851E373BE900A3D64C /* voice_tire4_temp_high.wav */; };
		A805DBBC1E345F2B00D3F981 /* ic_tire_off@2x.png in Resources */ = {isa = PBXBuildFile; fileRef = A805DBBB1E345F2B00D3F981 /* ic_tire_off@2x.png */; };
		A805DBC21E3469BF00D3F981 /* TireButton.m in Sources */ = {isa = PBXBuildFile; fileRef = A805DBC11E3469BF00D3F981 /* TireButton.m */; };
		A81186581E31EF120037D916 /* Localizable.strings in Resources */ = {isa = PBXBuildFile; fileRef = A811865A1E31EF120037D916 /* Localizable.strings */; };
		A81186601E31F0770037D916 /* FGLanguageTool.m in Sources */ = {isa = PBXBuildFile; fileRef = A811865F1E31F0770037D916 /* FGLanguageTool.m */; };
		A81783B21E2773C100AC97D3 /* ic_bluetooth_off@2x.png in Resources */ = {isa = PBXBuildFile; fileRef = A81783B01E2773C100AC97D3 /* ic_bluetooth_off@2x.png */; };
		A81783B31E2773C100AC97D3 /* ic_bluetooth@2x.png in Resources */ = {isa = PBXBuildFile; fileRef = A81783B11E2773C100AC97D3 /* ic_bluetooth@2x.png */; };
		A81783B81E2773CB00AC97D3 /* ic_exchange@2x.png in Resources */ = {isa = PBXBuildFile; fileRef = A81783B41E2773CB00AC97D3 /* ic_exchange@2x.png */; };
		A81783B91E2773CB00AC97D3 /* ic_learn@2x.png in Resources */ = {isa = PBXBuildFile; fileRef = A81783B51E2773CB00AC97D3 /* ic_learn@2x.png */; };
		A81783BA1E2773CB00AC97D3 /* ic_monitor@2x.png in Resources */ = {isa = PBXBuildFile; fileRef = A81783B61E2773CB00AC97D3 /* ic_monitor@2x.png */; };
		A81783C31E27767600AC97D3 /* Common.m in Sources */ = {isa = PBXBuildFile; fileRef = A81783C21E27767600AC97D3 /* Common.m */; };
		A819A2031E30FE6C00AE66CB /* tab_background_bottom@2x.png in Resources */ = {isa = PBXBuildFile; fileRef = A819A2021E30FE6C00AE66CB /* tab_background_bottom@2x.png */; };
		A81EDB8A1E30A19E0081CEA1 /* bottombar@2x.png in Resources */ = {isa = PBXBuildFile; fileRef = A81EDB891E30A19E0081CEA1 /* bottombar@2x.png */; };
		A83C14921E2E0CAE00EFCE78 /* MonitorViewController.m in Sources */ = {isa = PBXBuildFile; fileRef = A83C14911E2E0CAE00EFCE78 /* MonitorViewController.m */; };
		A83C14951E2E0CBE00EFCE78 /* LearnViewController.m in Sources */ = {isa = PBXBuildFile; fileRef = A83C14941E2E0CBE00EFCE78 /* LearnViewController.m */; };
		A83C14981E2E0CCD00EFCE78 /* ExchangeViewController.m in Sources */ = {isa = PBXBuildFile; fileRef = A83C14971E2E0CCD00EFCE78 /* ExchangeViewController.m */; };
		A8402BE81E344BA6004081F1 /* ic_add@2x.png in Resources */ = {isa = PBXBuildFile; fileRef = A8402BE71E344BA6004081F1 /* ic_add@2x.png */; };
		A8402BEA1E344BAD004081F1 /* ic_minus@2x.png in Resources */ = {isa = PBXBuildFile; fileRef = A8402BE91E344BAD004081F1 /* ic_minus@2x.png */; };
		A87DB5061E31A40500596D42 /* RadioGroup.m in Sources */ = {isa = PBXBuildFile; fileRef = A87DB5051E31A40500596D42 /* RadioGroup.m */; };
		A89867091E35986B005442EF /* ScanViewController.m in Sources */ = {isa = PBXBuildFile; fileRef = A89867081E35986B005442EF /* ScanViewController.m */; };
		A89867121E359ECA005442EF /* TpmsDevice.m in Sources */ = {isa = PBXBuildFile; fileRef = A89867111E359ECA005442EF /* TpmsDevice.m */; };
		A89867151E35A92C005442EF /* CoreBluetooth.framework in Frameworks */ = {isa = PBXBuildFile; fileRef = A89867141E35A92C005442EF /* CoreBluetooth.framework */; };
		A898671A1E35AD0F005442EF /* BleDriver.m in Sources */ = {isa = PBXBuildFile; fileRef = A89867191E35AD0F005442EF /* BleDriver.m */; };
		A8A15DCA1E2F60FA00837F25 /* car.png in Resources */ = {isa = PBXBuildFile; fileRef = A8A15DC91E2F60FA00837F25 /* car.png */; };
		A8A35CD81E320AA2000FF29C /* ic_voice_off@2x.png in Resources */ = {isa = PBXBuildFile; fileRef = A8A35CD61E320AA2000FF29C /* ic_voice_off@2x.png */; };
		A8A35CD91E320AA2000FF29C /* ic_voice_on@2x.png in Resources */ = {isa = PBXBuildFile; fileRef = A8A35CD71E320AA2000FF29C /* ic_voice_on@2x.png */; };
		A8AA41ED1E276B9300E23A31 /* main.m in Sources */ = {isa = PBXBuildFile; fileRef = A8AA41EC1E276B9300E23A31 /* main.m */; };
		A8AA41F01E276B9300E23A31 /* AppDelegate.m in Sources */ = {isa = PBXBuildFile; fileRef = A8AA41EF1E276B9300E23A31 /* AppDelegate.m */; };
		A8AA41F31E276B9300E23A31 /* ViewController.m in Sources */ = {isa = PBXBuildFile; fileRef = A8AA41F21E276B9300E23A31 /* ViewController.m */; };
		A8AA41F61E276B9300E23A31 /* Main.storyboard in Resources */ = {isa = PBXBuildFile; fileRef = A8AA41F41E276B9300E23A31 /* Main.storyboard */; };
		A8AA41F81E276B9300E23A31 /* Assets.xcassets in Resources */ = {isa = PBXBuildFile; fileRef = A8AA41F71E276B9300E23A31 /* Assets.xcassets */; };
		A8AA41FB1E276B9300E23A31 /* LaunchScreen.storyboard in Resources */ = {isa = PBXBuildFile; fileRef = A8AA41F91E276B9300E23A31 /* LaunchScreen.storyboard */; };
		A8D920961E32124400FD75E7 /* NumberPicker.m in Sources */ = {isa = PBXBuildFile; fileRef = A8D920951E32124400FD75E7 /* NumberPicker.m */; };
		A8D9209A1E33A53F00FD75E7 /* picker_background_center@2x.png in Resources */ = {isa = PBXBuildFile; fileRef = A8D920971E33A53F00FD75E7 /* picker_background_center@2x.png */; };
		A8D9209B1E33A53F00FD75E7 /* picker_background_left@2x.png in Resources */ = {isa = PBXBuildFile; fileRef = A8D920981E33A53F00FD75E7 /* picker_background_left@2x.png */; };
		A8D9209C1E33A53F00FD75E7 /* picker_background_right@2x.png in Resources */ = {isa = PBXBuildFile; fileRef = A8D920991E33A53F00FD75E7 /* picker_background_right@2x.png */; };
		A8E46F4F1E2B617B006AD6E3 /* ic_setting@2x.png in Resources */ = {isa = PBXBuildFile; fileRef = A8E46F4D1E2B617B006AD6E3 /* ic_setting@2x.png */; };
		A8E46F521E2B69CD006AD6E3 /* SettingViewController.m in Sources */ = {isa = PBXBuildFile; fileRef = A8E46F511E2B69CD006AD6E3 /* SettingViewController.m */; };
		A8E93D191E35E5840048EA98 /* WriteCommand.m in Sources */ = {isa = PBXBuildFile; fileRef = A8E93D181E35E5840048EA98 /* WriteCommand.m */; };
		A8F41F2E1E348CC000AA4A41 /* CustomIOS7AlertView.m in Sources */ = {isa = PBXBuildFile; fileRef = A8F41F2D1E348CC000AA4A41 /* CustomIOS7AlertView.m */; };
		A8F62A421E31C3B30014FAC3 /* radio_background_checked@2x.png in Resources */ = {isa = PBXBuildFile; fileRef = A8F62A401E31C3B30014FAC3 /* radio_background_checked@2x.png */; };
		A8F62A431E31C3B30014FAC3 /* radio_background_normal@2x.png in Resources */ = {isa = PBXBuildFile; fileRef = A8F62A411E31C3B30014FAC3 /* radio_background_normal@2x.png */; };
		A8FBA6CD1E349E1E007C414C /* background_modern.png in Resources */ = {isa = PBXBuildFile; fileRef = A8FBA6CA1E349E1E007C414C /* background_modern.png */; };
		A8FBA6CE1E349E1E007C414C /* background_plain.png in Resources */ = {isa = PBXBuildFile; fileRef = A8FBA6CB1E349E1E007C414C /* background_plain.png */; };
		A8FBA6CF1E349E1E007C414C /* background_star.png in Resources */ = {isa = PBXBuildFile; fileRef = A8FBA6CC1E349E1E007C414C /* background_star.png */; };
		A8FBA6D21E34A441007C414C /* TireStatusView.m in Sources */ = {isa = PBXBuildFile; fileRef = A8FBA6D11E34A441007C414C /* TireStatusView.m */; };
		A8FBA6D71E34A546007C414C /* battery0.png in Resources */ = {isa = PBXBuildFile; fileRef = A8FBA6D31E34A546007C414C /* battery0.png */; };
		A8FBA6D81E34A546007C414C /* battery1.png in Resources */ = {isa = PBXBuildFile; fileRef = A8FBA6D41E34A546007C414C /* battery1.png */; };
		A8FBA6D91E34A546007C414C /* battery2.png in Resources */ = {isa = PBXBuildFile; fileRef = A8FBA6D51E34A546007C414C /* battery2.png */; };
		A8FBA6DA1E34A546007C414C /* battery3.png in Resources */ = {isa = PBXBuildFile; fileRef = A8FBA6D61E34A546007C414C /* battery3.png */; };
		A8FBA6DE1E34A614007C414C /* TireStatus.m in Sources */ = {isa = PBXBuildFile; fileRef = A8FBA6DD1E34A614007C414C /* TireStatus.m */; };
		A8FBA6E01E34B358007C414C /* CenturyGothicBold.ttf in Resources */ = {isa = PBXBuildFile; fileRef = A8FBA6DF1E34B261007C414C /* CenturyGothicBold.ttf */; };
/* End PBXBuildFile section */

/* Begin PBXFileReference section */
		A8012B6B1E373B7100A3D64C /* AVFoundation.framework */ = {isa = PBXFileReference; lastKnownFileType = wrapper.framework; name = AVFoundation.framework; path = System/Library/Frameworks/AVFoundation.framework; sourceTree = SDKROOT; };
		A8012B6E1E373BE900A3D64C /* voice_tire1_battery_low.wav */ = {isa = PBXFileReference; lastKnownFileType = audio.wav; path = voice_tire1_battery_low.wav; sourceTree = "<group>"; };
		A8012B6F1E373BE900A3D64C /* voice_tire1_match_success.wav */ = {isa = PBXFileReference; lastKnownFileType = audio.wav; path = voice_tire1_match_success.wav; sourceTree = "<group>"; };
		A8012B701E373BE900A3D64C /* voice_tire1_pressure_error.wav */ = {isa = PBXFileReference; lastKnownFileType = audio.wav; path = voice_tire1_pressure_error.wav; sourceTree = "<group>"; };
		A8012B711E373BE900A3D64C /* voice_tire1_pressure_high.wav */ = {isa = PBXFileReference; lastKnownFileType = audio.wav; path = voice_tire1_pressure_high.wav; sourceTree = "<group>"; };
		A8012B721E373BE900A3D64C /* voice_tire1_pressure_low.wav */ = {isa = PBXFileReference; lastKnownFileType = audio.wav; path = voice_tire1_pressure_low.wav; sourceTree = "<group>"; };
		A8012B731E373BE900A3D64C /* voice_tire1_temp_high.wav */ = {isa = PBXFileReference; lastKnownFileType = audio.wav; path = voice_tire1_temp_high.wav; sourceTree = "<group>"; };
		A8012B741E373BE900A3D64C /* voice_tire2_battery_low.wav */ = {isa = PBXFileReference; lastKnownFileType = audio.wav; path = voice_tire2_battery_low.wav; sourceTree = "<group>"; };
		A8012B751E373BE900A3D64C /* voice_tire2_match_success.wav */ = {isa = PBXFileReference; lastKnownFileType = audio.wav; path = voice_tire2_match_success.wav; sourceTree = "<group>"; };
		A8012B761E373BE900A3D64C /* voice_tire2_pressure_error.wav */ = {isa = PBXFileReference; lastKnownFileType = audio.wav; path = voice_tire2_pressure_error.wav; sourceTree = "<group>"; };
		A8012B771E373BE900A3D64C /* voice_tire2_pressure_high.wav */ = {isa = PBXFileReference; lastKnownFileType = audio.wav; path = voice_tire2_pressure_high.wav; sourceTree = "<group>"; };
		A8012B781E373BE900A3D64C /* voice_tire2_pressure_low.wav */ = {isa = PBXFileReference; lastKnownFileType = audio.wav; path = voice_tire2_pressure_low.wav; sourceTree = "<group>"; };
		A8012B791E373BE900A3D64C /* voice_tire2_temp_high.wav */ = {isa = PBXFileReference; lastKnownFileType = audio.wav; path = voice_tire2_temp_high.wav; sourceTree = "<group>"; };
		A8012B7A1E373BE900A3D64C /* voice_tire3_battery_low.wav */ = {isa = PBXFileReference; lastKnownFileType = audio.wav; path = voice_tire3_battery_low.wav; sourceTree = "<group>"; };
		A8012B7B1E373BE900A3D64C /* voice_tire3_match_success.wav */ = {isa = PBXFileReference; lastKnownFileType = audio.wav; path = voice_tire3_match_success.wav; sourceTree = "<group>"; };
		A8012B7C1E373BE900A3D64C /* voice_tire3_pressure_error.wav */ = {isa = PBXFileReference; lastKnownFileType = audio.wav; path = voice_tire3_pressure_error.wav; sourceTree = "<group>"; };
		A8012B7D1E373BE900A3D64C /* voice_tire3_pressure_high.wav */ = {isa = PBXFileReference; lastKnownFileType = audio.wav; path = voice_tire3_pressure_high.wav; sourceTree = "<group>"; };
		A8012B7E1E373BE900A3D64C /* voice_tire3_pressure_low.wav */ = {isa = PBXFileReference; lastKnownFileType = audio.wav; path = voice_tire3_pressure_low.wav; sourceTree = "<group>"; };
		A8012B7F1E373BE900A3D64C /* voice_tire3_temp_high.wav */ = {isa = PBXFileReference; lastKnownFileType = audio.wav; path = voice_tire3_temp_high.wav; sourceTree = "<group>"; };
		A8012B801E373BE900A3D64C /* voice_tire4_battery_low.wav */ = {isa = PBXFileReference; lastKnownFileType = audio.wav; path = voice_tire4_battery_low.wav; sourceTree = "<group>"; };
		A8012B811E373BE900A3D64C /* voice_tire4_match_success.wav */ = {isa = PBXFileReference; lastKnownFileType = audio.wav; path = voice_tire4_match_success.wav; sourceTree = "<group>"; };
		A8012B821E373BE900A3D64C /* voice_tire4_pressure_error.wav */ = {isa = PBXFileReference; lastKnownFileType = audio.wav; path = voice_tire4_pressure_error.wav; sourceTree = "<group>"; };
		A8012B831E373BE900A3D64C /* voice_tire4_pressure_high.wav */ = {isa = PBXFileReference; lastKnownFileType = audio.wav; path = voice_tire4_pressure_high.wav; sourceTree = "<group>"; };
		A8012B841E373BE900A3D64C /* voice_tire4_pressure_low.wav */ = {isa = PBXFileReference; lastKnownFileType = audio.wav; path = voice_tire4_pressure_low.wav; sourceTree = "<group>"; };
		A8012B851E373BE900A3D64C /* voice_tire4_temp_high.wav */ = {isa = PBXFileReference; lastKnownFileType = audio.wav; path = voice_tire4_temp_high.wav; sourceTree = "<group>"; };
		A805DBBB1E345F2B00D3F981 /* ic_tire_off@2x.png */ = {isa = PBXFileReference; lastKnownFileType = image.png; path = "ic_tire_off@2x.png"; sourceTree = "<group>"; };
		A805DBC01E3469BF00D3F981 /* TireButton.h */ = {isa = PBXFileReference; fileEncoding = 4; lastKnownFileType = sourcecode.c.h; path = TireButton.h; sourceTree = "<group>"; };
		A805DBC11E3469BF00D3F981 /* TireButton.m */ = {isa = PBXFileReference; fileEncoding = 4; lastKnownFileType = sourcecode.c.objc; path = TireButton.m; sourceTree = "<group>"; };
		A811865B1E31EF210037D916 /* zh-Hans */ = {isa = PBXFileReference; lastKnownFileType = text.plist.strings; name = "zh-Hans"; path = "zh-Hans.lproj/Localizable.strings"; sourceTree = "<group>"; };
		A811865C1E31EF2A0037D916 /* zh-Hant */ = {isa = PBXFileReference; lastKnownFileType = text.plist.strings; name = "zh-Hant"; path = "zh-Hant.lproj/Localizable.strings"; sourceTree = "<group>"; };
		A811865E1E31F0770037D916 /* FGLanguageTool.h */ = {isa = PBXFileReference; fileEncoding = 4; lastKnownFileType = sourcecode.c.h; path = FGLanguageTool.h; sourceTree = "<group>"; };
		A811865F1E31F0770037D916 /* FGLanguageTool.m */ = {isa = PBXFileReference; fileEncoding = 4; lastKnownFileType = sourcecode.c.objc; path = FGLanguageTool.m; sourceTree = "<group>"; };
		A81186621E31F17C0037D916 /* en */ = {isa = PBXFileReference; lastKnownFileType = text.plist.strings; name = en; path = en.lproj/Localizable.strings; sourceTree = "<group>"; };
		A81783B01E2773C100AC97D3 /* ic_bluetooth_off@2x.png */ = {isa = PBXFileReference; lastKnownFileType = image.png; path = "ic_bluetooth_off@2x.png"; sourceTree = "<group>"; };
		A81783B11E2773C100AC97D3 /* ic_bluetooth@2x.png */ = {isa = PBXFileReference; lastKnownFileType = image.png; path = "ic_bluetooth@2x.png"; sourceTree = "<group>"; };
		A81783B41E2773CB00AC97D3 /* ic_exchange@2x.png */ = {isa = PBXFileReference; lastKnownFileType = image.png; path = "ic_exchange@2x.png"; sourceTree = "<group>"; };
		A81783B51E2773CB00AC97D3 /* ic_learn@2x.png */ = {isa = PBXFileReference; lastKnownFileType = image.png; path = "ic_learn@2x.png"; sourceTree = "<group>"; };
		A81783B61E2773CB00AC97D3 /* ic_monitor@2x.png */ = {isa = PBXFileReference; lastKnownFileType = image.png; path = "ic_monitor@2x.png"; sourceTree = "<group>"; };
		A81783C11E27767600AC97D3 /* Common.h */ = {isa = PBXFileReference; fileEncoding = 4; lastKnownFileType = sourcecode.c.h; path = Common.h; sourceTree = "<group>"; };
		A81783C21E27767600AC97D3 /* Common.m */ = {isa = PBXFileReference; fileEncoding = 4; lastKnownFileType = sourcecode.c.objc; path = Common.m; sourceTree = "<group>"; };
		A819A2021E30FE6C00AE66CB /* tab_background_bottom@2x.png */ = {isa = PBXFileReference; lastKnownFileType = image.png; path = "tab_background_bottom@2x.png"; sourceTree = "<group>"; };
		A81EDB891E30A19E0081CEA1 /* bottombar@2x.png */ = {isa = PBXFileReference; lastKnownFileType = image.png; path = "bottombar@2x.png"; sourceTree = "<group>"; };
		A83C14901E2E0CAE00EFCE78 /* MonitorViewController.h */ = {isa = PBXFileReference; fileEncoding = 4; lastKnownFileType = sourcecode.c.h; path = MonitorViewController.h; sourceTree = "<group>"; };
		A83C14911E2E0CAE00EFCE78 /* MonitorViewController.m */ = {isa = PBXFileReference; fileEncoding = 4; lastKnownFileType = sourcecode.c.objc; path = MonitorViewController.m; sourceTree = "<group>"; };
		A83C14931E2E0CBE00EFCE78 /* LearnViewController.h */ = {isa = PBXFileReference; fileEncoding = 4; lastKnownFileType = sourcecode.c.h; path = LearnViewController.h; sourceTree = "<group>"; };
		A83C14941E2E0CBE00EFCE78 /* LearnViewController.m */ = {isa = PBXFileReference; fileEncoding = 4; lastKnownFileType = sourcecode.c.objc; path = LearnViewController.m; sourceTree = "<group>"; };
		A83C14961E2E0CCD00EFCE78 /* ExchangeViewController.h */ = {isa = PBXFileReference; fileEncoding = 4; lastKnownFileType = sourcecode.c.h; path = ExchangeViewController.h; sourceTree = "<group>"; };
		A83C14971E2E0CCD00EFCE78 /* ExchangeViewController.m */ = {isa = PBXFileReference; fileEncoding = 4; lastKnownFileType = sourcecode.c.objc; path = ExchangeViewController.m; sourceTree = "<group>"; };
		A8402BE71E344BA6004081F1 /* ic_add@2x.png */ = {isa = PBXFileReference; lastKnownFileType = image.png; path = "ic_add@2x.png"; sourceTree = "<group>"; };
		A8402BE91E344BAD004081F1 /* ic_minus@2x.png */ = {isa = PBXFileReference; lastKnownFileType = image.png; path = "ic_minus@2x.png"; sourceTree = "<group>"; };
		A87DB5041E31A40500596D42 /* RadioGroup.h */ = {isa = PBXFileReference; fileEncoding = 4; lastKnownFileType = sourcecode.c.h; path = RadioGroup.h; sourceTree = "<group>"; };
		A87DB5051E31A40500596D42 /* RadioGroup.m */ = {isa = PBXFileReference; fileEncoding = 4; lastKnownFileType = sourcecode.c.objc; path = RadioGroup.m; sourceTree = "<group>"; };
		A89867071E35986B005442EF /* ScanViewController.h */ = {isa = PBXFileReference; fileEncoding = 4; lastKnownFileType = sourcecode.c.h; path = ScanViewController.h; sourceTree = "<group>"; };
		A89867081E35986B005442EF /* ScanViewController.m */ = {isa = PBXFileReference; fileEncoding = 4; lastKnownFileType = sourcecode.c.objc; path = ScanViewController.m; sourceTree = "<group>"; };
		A89867101E359ECA005442EF /* TpmsDevice.h */ = {isa = PBXFileReference; fileEncoding = 4; lastKnownFileType = sourcecode.c.h; path = TpmsDevice.h; sourceTree = "<group>"; };
		A89867111E359ECA005442EF /* TpmsDevice.m */ = {isa = PBXFileReference; fileEncoding = 4; lastKnownFileType = sourcecode.c.objc; path = TpmsDevice.m; sourceTree = "<group>"; };
		A89867141E35A92C005442EF /* CoreBluetooth.framework */ = {isa = PBXFileReference; lastKnownFileType = wrapper.framework; name = CoreBluetooth.framework; path = System/Library/Frameworks/CoreBluetooth.framework; sourceTree = SDKROOT; };
		A89867181E35AD0F005442EF /* BleDriver.h */ = {isa = PBXFileReference; fileEncoding = 4; lastKnownFileType = sourcecode.c.h; path = BleDriver.h; sourceTree = "<group>"; };
		A89867191E35AD0F005442EF /* BleDriver.m */ = {isa = PBXFileReference; fileEncoding = 4; lastKnownFileType = sourcecode.c.objc; path = BleDriver.m; sourceTree = "<group>"; };
		A8A15DC91E2F60FA00837F25 /* car.png */ = {isa = PBXFileReference; lastKnownFileType = image.png; path = car.png; sourceTree = "<group>"; };
		A8A35CD61E320AA2000FF29C /* ic_voice_off@2x.png */ = {isa = PBXFileReference; lastKnownFileType = image.png; path = "ic_voice_off@2x.png"; sourceTree = "<group>"; };
		A8A35CD71E320AA2000FF29C /* ic_voice_on@2x.png */ = {isa = PBXFileReference; lastKnownFileType = image.png; path = "ic_voice_on@2x.png"; sourceTree = "<group>"; };
		A8AA41E81E276B9300E23A31 /* tpms-ios.app */ = {isa = PBXFileReference; explicitFileType = wrapper.application; includeInIndex = 0; path = "tpms-ios.app"; sourceTree = BUILT_PRODUCTS_DIR; };
		A8AA41EC1E276B9300E23A31 /* main.m */ = {isa = PBXFileReference; lastKnownFileType = sourcecode.c.objc; path = main.m; sourceTree = "<group>"; };
		A8AA41EE1E276B9300E23A31 /* AppDelegate.h */ = {isa = PBXFileReference; lastKnownFileType = sourcecode.c.h; path = AppDelegate.h; sourceTree = "<group>"; };
		A8AA41EF1E276B9300E23A31 /* AppDelegate.m */ = {isa = PBXFileReference; lastKnownFileType = sourcecode.c.objc; path = AppDelegate.m; sourceTree = "<group>"; };
		A8AA41F11E276B9300E23A31 /* ViewController.h */ = {isa = PBXFileReference; lastKnownFileType = sourcecode.c.h; path = ViewController.h; sourceTree = "<group>"; };
		A8AA41F21E276B9300E23A31 /* ViewController.m */ = {isa = PBXFileReference; lastKnownFileType = sourcecode.c.objc; path = ViewController.m; sourceTree = "<group>"; };
		A8AA41F51E276B9300E23A31 /* Base */ = {isa = PBXFileReference; lastKnownFileType = file.storyboard; name = Base; path = Base.lproj/Main.storyboard; sourceTree = "<group>"; };
		A8AA41F71E276B9300E23A31 /* Assets.xcassets */ = {isa = PBXFileReference; lastKnownFileType = folder.assetcatalog; path = Assets.xcassets; sourceTree = "<group>"; };
		A8AA41FA1E276B9300E23A31 /* Base */ = {isa = PBXFileReference; lastKnownFileType = file.storyboard; name = Base; path = Base.lproj/LaunchScreen.storyboard; sourceTree = "<group>"; };
		A8AA41FC1E276B9300E23A31 /* Info.plist */ = {isa = PBXFileReference; lastKnownFileType = text.plist.xml; path = Info.plist; sourceTree = "<group>"; };
		A8D920941E32124400FD75E7 /* NumberPicker.h */ = {isa = PBXFileReference; fileEncoding = 4; lastKnownFileType = sourcecode.c.h; path = NumberPicker.h; sourceTree = "<group>"; };
		A8D920951E32124400FD75E7 /* NumberPicker.m */ = {isa = PBXFileReference; fileEncoding = 4; lastKnownFileType = sourcecode.c.objc; path = NumberPicker.m; sourceTree = "<group>"; };
		A8D920971E33A53F00FD75E7 /* picker_background_center@2x.png */ = {isa = PBXFileReference; lastKnownFileType = image.png; path = "picker_background_center@2x.png"; sourceTree = "<group>"; };
		A8D920981E33A53F00FD75E7 /* picker_background_left@2x.png */ = {isa = PBXFileReference; lastKnownFileType = image.png; path = "picker_background_left@2x.png"; sourceTree = "<group>"; };
		A8D920991E33A53F00FD75E7 /* picker_background_right@2x.png */ = {isa = PBXFileReference; lastKnownFileType = image.png; path = "picker_background_right@2x.png"; sourceTree = "<group>"; };
		A8E46F4D1E2B617B006AD6E3 /* ic_setting@2x.png */ = {isa = PBXFileReference; lastKnownFileType = image.png; path = "ic_setting@2x.png"; sourceTree = "<group>"; };
		A8E46F501E2B69CD006AD6E3 /* SettingViewController.h */ = {isa = PBXFileReference; fileEncoding = 4; lastKnownFileType = sourcecode.c.h; path = SettingViewController.h; sourceTree = "<group>"; };
		A8E46F511E2B69CD006AD6E3 /* SettingViewController.m */ = {isa = PBXFileReference; fileEncoding = 4; lastKnownFileType = sourcecode.c.objc; path = SettingViewController.m; sourceTree = "<group>"; };
		A8E93D171E35E5840048EA98 /* WriteCommand.h */ = {isa = PBXFileReference; fileEncoding = 4; lastKnownFileType = sourcecode.c.h; path = WriteCommand.h; sourceTree = "<group>"; };
		A8E93D181E35E5840048EA98 /* WriteCommand.m */ = {isa = PBXFileReference; fileEncoding = 4; lastKnownFileType = sourcecode.c.objc; path = WriteCommand.m; sourceTree = "<group>"; };
		A8F41F2C1E348CC000AA4A41 /* CustomIOS7AlertView.h */ = {isa = PBXFileReference; fileEncoding = 4; lastKnownFileType = sourcecode.c.h; path = CustomIOS7AlertView.h; sourceTree = "<group>"; };
		A8F41F2D1E348CC000AA4A41 /* CustomIOS7AlertView.m */ = {isa = PBXFileReference; fileEncoding = 4; lastKnownFileType = sourcecode.c.objc; path = CustomIOS7AlertView.m; sourceTree = "<group>"; };
		A8F62A401E31C3B30014FAC3 /* radio_background_checked@2x.png */ = {isa = PBXFileReference; lastKnownFileType = image.png; path = "radio_background_checked@2x.png"; sourceTree = "<group>"; };
		A8F62A411E31C3B30014FAC3 /* radio_background_normal@2x.png */ = {isa = PBXFileReference; lastKnownFileType = image.png; path = "radio_background_normal@2x.png"; sourceTree = "<group>"; };
		A8FBA6CA1E349E1E007C414C /* background_modern.png */ = {isa = PBXFileReference; lastKnownFileType = image.png; path = background_modern.png; sourceTree = "<group>"; };
		A8FBA6CB1E349E1E007C414C /* background_plain.png */ = {isa = PBXFileReference; lastKnownFileType = image.png; path = background_plain.png; sourceTree = "<group>"; };
		A8FBA6CC1E349E1E007C414C /* background_star.png */ = {isa = PBXFileReference; lastKnownFileType = image.png; path = background_star.png; sourceTree = "<group>"; };
		A8FBA6D01E34A441007C414C /* TireStatusView.h */ = {isa = PBXFileReference; fileEncoding = 4; lastKnownFileType = sourcecode.c.h; path = TireStatusView.h; sourceTree = "<group>"; };
		A8FBA6D11E34A441007C414C /* TireStatusView.m */ = {isa = PBXFileReference; fileEncoding = 4; lastKnownFileType = sourcecode.c.objc; path = TireStatusView.m; sourceTree = "<group>"; };
		A8FBA6D31E34A546007C414C /* battery0.png */ = {isa = PBXFileReference; lastKnownFileType = image.png; path = battery0.png; sourceTree = "<group>"; };
		A8FBA6D41E34A546007C414C /* battery1.png */ = {isa = PBXFileReference; lastKnownFileType = image.png; path = battery1.png; sourceTree = "<group>"; };
		A8FBA6D51E34A546007C414C /* battery2.png */ = {isa = PBXFileReference; lastKnownFileType = image.png; path = battery2.png; sourceTree = "<group>"; };
		A8FBA6D61E34A546007C414C /* battery3.png */ = {isa = PBXFileReference; lastKnownFileType = image.png; path = battery3.png; sourceTree = "<group>"; };
		A8FBA6DC1E34A614007C414C /* TireStatus.h */ = {isa = PBXFileReference; fileEncoding = 4; lastKnownFileType = sourcecode.c.h; path = TireStatus.h; sourceTree = "<group>"; };
		A8FBA6DD1E34A614007C414C /* TireStatus.m */ = {isa = PBXFileReference; fileEncoding = 4; lastKnownFileType = sourcecode.c.objc; path = TireStatus.m; sourceTree = "<group>"; };
		A8FBA6DF1E34B261007C414C /* CenturyGothicBold.ttf */ = {isa = PBXFileReference; lastKnownFileType = file; path = CenturyGothicBold.ttf; sourceTree = "<group>"; };
/* End PBXFileReference section */

/* Begin PBXFrameworksBuildPhase section */
		A8AA41E51E276B9300E23A31 /* Frameworks */ = {
			isa = PBXFrameworksBuildPhase;
			buildActionMask = 2147483647;
			files = (
				A8012B6C1E373B7100A3D64C /* AVFoundation.framework in Frameworks */,
				A89867151E35A92C005442EF /* CoreBluetooth.framework in Frameworks */,
			);
			runOnlyForDeploymentPostprocessing = 0;
		};
/* End PBXFrameworksBuildPhase section */

/* Begin PBXGroup section */
		A8012B6D1E373BE900A3D64C /* voices */ = {
			isa = PBXGroup;
			children = (
				A8012B6E1E373BE900A3D64C /* voice_tire1_battery_low.wav */,
				A8012B6F1E373BE900A3D64C /* voice_tire1_match_success.wav */,
				A8012B701E373BE900A3D64C /* voice_tire1_pressure_error.wav */,
				A8012B711E373BE900A3D64C /* voice_tire1_pressure_high.wav */,
				A8012B721E373BE900A3D64C /* voice_tire1_pressure_low.wav */,
				A8012B731E373BE900A3D64C /* voice_tire1_temp_high.wav */,
				A8012B741E373BE900A3D64C /* voice_tire2_battery_low.wav */,
				A8012B751E373BE900A3D64C /* voice_tire2_match_success.wav */,
				A8012B761E373BE900A3D64C /* voice_tire2_pressure_error.wav */,
				A8012B771E373BE900A3D64C /* voice_tire2_pressure_high.wav */,
				A8012B781E373BE900A3D64C /* voice_tire2_pressure_low.wav */,
				A8012B791E373BE900A3D64C /* voice_tire2_temp_high.wav */,
				A8012B7A1E373BE900A3D64C /* voice_tire3_battery_low.wav */,
				A8012B7B1E373BE900A3D64C /* voice_tire3_match_success.wav */,
				A8012B7C1E373BE900A3D64C /* voice_tire3_pressure_error.wav */,
				A8012B7D1E373BE900A3D64C /* voice_tire3_pressure_high.wav */,
				A8012B7E1E373BE900A3D64C /* voice_tire3_pressure_low.wav */,
				A8012B7F1E373BE900A3D64C /* voice_tire3_temp_high.wav */,
				A8012B801E373BE900A3D64C /* voice_tire4_battery_low.wav */,
				A8012B811E373BE900A3D64C /* voice_tire4_match_success.wav */,
				A8012B821E373BE900A3D64C /* voice_tire4_pressure_error.wav */,
				A8012B831E373BE900A3D64C /* voice_tire4_pressure_high.wav */,
				A8012B841E373BE900A3D64C /* voice_tire4_pressure_low.wav */,
				A8012B851E373BE900A3D64C /* voice_tire4_temp_high.wav */,
			);
			path = voices;
			sourceTree = "<group>";
		};
		A81783AD1E2770C400AC97D3 /* images */ = {
			isa = PBXGroup;
			children = (
				A8FBA6D31E34A546007C414C /* battery0.png */,
				A8FBA6D41E34A546007C414C /* battery1.png */,
				A8FBA6D51E34A546007C414C /* battery2.png */,
				A8FBA6D61E34A546007C414C /* battery3.png */,
				A8FBA6CA1E349E1E007C414C /* background_modern.png */,
				A8FBA6CB1E349E1E007C414C /* background_plain.png */,
				A8FBA6CC1E349E1E007C414C /* background_star.png */,
				A805DBBB1E345F2B00D3F981 /* ic_tire_off@2x.png */,
				A8402BE71E344BA6004081F1 /* ic_add@2x.png */,
				A8402BE91E344BAD004081F1 /* ic_minus@2x.png */,
				A8D920971E33A53F00FD75E7 /* picker_background_center@2x.png */,
				A8D920981E33A53F00FD75E7 /* picker_background_left@2x.png */,
				A8D920991E33A53F00FD75E7 /* picker_background_right@2x.png */,
				A8F62A401E31C3B30014FAC3 /* radio_background_checked@2x.png */,
				A8F62A411E31C3B30014FAC3 /* radio_background_normal@2x.png */,
				A819A2021E30FE6C00AE66CB /* tab_background_bottom@2x.png */,
				A81EDB891E30A19E0081CEA1 /* bottombar@2x.png */,
				A8A35CD61E320AA2000FF29C /* ic_voice_off@2x.png */,
				A8A35CD71E320AA2000FF29C /* ic_voice_on@2x.png */,
				A8A15DC91E2F60FA00837F25 /* car.png */,
				A81783B41E2773CB00AC97D3 /* ic_exchange@2x.png */,
				A81783B51E2773CB00AC97D3 /* ic_learn@2x.png */,
				A8E46F4D1E2B617B006AD6E3 /* ic_setting@2x.png */,
				A81783B61E2773CB00AC97D3 /* ic_monitor@2x.png */,
				A81783B01E2773C100AC97D3 /* ic_bluetooth_off@2x.png */,
				A81783B11E2773C100AC97D3 /* ic_bluetooth@2x.png */,
			);
			path = images;
			sourceTree = "<group>";
		};
		A81783C01E27763300AC97D3 /* ui */ = {
			isa = PBXGroup;
			children = (
				A8F41F2B1E348CC000AA4A41 /* CustomIOS7AlertView */,
				A8AA41F11E276B9300E23A31 /* ViewController.h */,
				A8AA41F21E276B9300E23A31 /* ViewController.m */,
				A8E46F501E2B69CD006AD6E3 /* SettingViewController.h */,
				A8E46F511E2B69CD006AD6E3 /* SettingViewController.m */,
				A83C14901E2E0CAE00EFCE78 /* MonitorViewController.h */,
				A83C14911E2E0CAE00EFCE78 /* MonitorViewController.m */,
				A83C14931E2E0CBE00EFCE78 /* LearnViewController.h */,
				A83C14941E2E0CBE00EFCE78 /* LearnViewController.m */,
				A83C14961E2E0CCD00EFCE78 /* ExchangeViewController.h */,
				A83C14971E2E0CCD00EFCE78 /* ExchangeViewController.m */,
				A89867071E35986B005442EF /* ScanViewController.h */,
				A89867081E35986B005442EF /* ScanViewController.m */,
			);
			name = ui;
			sourceTree = "<group>";
		};
		A87DB5031E31A3B500596D42 /* views */ = {
			isa = PBXGroup;
			children = (
				A87DB5041E31A40500596D42 /* RadioGroup.h */,
				A87DB5051E31A40500596D42 /* RadioGroup.m */,
				A8D920941E32124400FD75E7 /* NumberPicker.h */,
				A8D920951E32124400FD75E7 /* NumberPicker.m */,
				A805DBC01E3469BF00D3F981 /* TireButton.h */,
				A805DBC11E3469BF00D3F981 /* TireButton.m */,
				A8FBA6D01E34A441007C414C /* TireStatusView.h */,
				A8FBA6D11E34A441007C414C /* TireStatusView.m */,
			);
			name = views;
			sourceTree = "<group>";
		};
		A89867131E35A92C005442EF /* Frameworks */ = {
			isa = PBXGroup;
			children = (
				A8012B6B1E373B7100A3D64C /* AVFoundation.framework */,
				A89867141E35A92C005442EF /* CoreBluetooth.framework */,
			);
			name = Frameworks;
			sourceTree = "<group>";
		};
		A8AA41DF1E276B9300E23A31 = {
			isa = PBXGroup;
			children = (
				A8AA41EA1E276B9300E23A31 /* tpms-ios */,
				A8AA41E91E276B9300E23A31 /* Products */,
				A89867131E35A92C005442EF /* Frameworks */,
			);
			sourceTree = "<group>";
		};
		A8AA41E91E276B9300E23A31 /* Products */ = {
			isa = PBXGroup;
			children = (
				A8AA41E81E276B9300E23A31 /* tpms-ios.app */,
			);
			name = Products;
			sourceTree = "<group>";
		};
		A8AA41EA1E276B9300E23A31 /* tpms-ios */ = {
			isa = PBXGroup;
			children = (
				A8012B6D1E373BE900A3D64C /* voices */,
				A81783AD1E2770C400AC97D3 /* images */,
				A8FBA6DB1E34A5F5007C414C /* core */,
				A87DB5031E31A3B500596D42 /* views */,
				A81783C01E27763300AC97D3 /* ui */,
				A8AA41EE1E276B9300E23A31 /* AppDelegate.h */,
				A8AA41EF1E276B9300E23A31 /* AppDelegate.m */,
				A81783C11E27767600AC97D3 /* Common.h */,
				A81783C21E27767600AC97D3 /* Common.m */,
				A811865E1E31F0770037D916 /* FGLanguageTool.h */,
				A811865F1E31F0770037D916 /* FGLanguageTool.m */,
				A8AA41F41E276B9300E23A31 /* Main.storyboard */,
				A8AA41F71E276B9300E23A31 /* Assets.xcassets */,
				A8AA41F91E276B9300E23A31 /* LaunchScreen.storyboard */,
				A8AA41FC1E276B9300E23A31 /* Info.plist */,
				A8AA41EB1E276B9300E23A31 /* Supporting Files */,
			);
			path = "tpms-ios";
			sourceTree = "<group>";
		};
		A8AA41EB1E276B9300E23A31 /* Supporting Files */ = {
			isa = PBXGroup;
			children = (
				A8FBA6DF1E34B261007C414C /* CenturyGothicBold.ttf */,
				A8AA41EC1E276B9300E23A31 /* main.m */,
				A811865A1E31EF120037D916 /* Localizable.strings */,
			);
			name = "Supporting Files";
			sourceTree = "<group>";
		};
		A8F41F2B1E348CC000AA4A41 /* CustomIOS7AlertView */ = {
			isa = PBXGroup;
			children = (
				A8F41F2C1E348CC000AA4A41 /* CustomIOS7AlertView.h */,
				A8F41F2D1E348CC000AA4A41 /* CustomIOS7AlertView.m */,
			);
			path = CustomIOS7AlertView;
			sourceTree = "<group>";
		};
		A8FBA6DB1E34A5F5007C414C /* core */ = {
			isa = PBXGroup;
			children = (
				A8FBA6DC1E34A614007C414C /* TireStatus.h */,
				A8FBA6DD1E34A614007C414C /* TireStatus.m */,
				A89867101E359ECA005442EF /* TpmsDevice.h */,
				A89867111E359ECA005442EF /* TpmsDevice.m */,
				A89867181E35AD0F005442EF /* BleDriver.h */,
				A89867191E35AD0F005442EF /* BleDriver.m */,
				A8E93D171E35E5840048EA98 /* WriteCommand.h */,
				A8E93D181E35E5840048EA98 /* WriteCommand.m */,
			);
			name = core;
			sourceTree = "<group>";
		};
/* End PBXGroup section */

/* Begin PBXNativeTarget section */
		A8AA41E71E276B9300E23A31 /* tpms-ios */ = {
			isa = PBXNativeTarget;
			buildConfigurationList = A8AA41FF1E276B9300E23A31 /* Build configuration list for PBXNativeTarget "tpms-ios" */;
			buildPhases = (
				A8AA41E41E276B9300E23A31 /* Sources */,
				A8AA41E51E276B9300E23A31 /* Frameworks */,
				A8AA41E61E276B9300E23A31 /* Resources */,
			);
			buildRules = (
			);
			dependencies = (
			);
			name = "tpms-ios";
			productName = "tpms-ios";
			productReference = A8AA41E81E276B9300E23A31 /* tpms-ios.app */;
			productType = "com.apple.product-type.application";
		};
/* End PBXNativeTarget section */

/* Begin PBXProject section */
		A8AA41E01E276B9300E23A31 /* Project object */ = {
			isa = PBXProject;
			attributes = {
				LastUpgradeCheck = 0800;
				ORGANIZATIONNAME = ttonway;
				TargetAttributes = {
					A8AA41E71E276B9300E23A31 = {
						CreatedOnToolsVersion = 8.0;
						DevelopmentTeam = 9TDVLJYH6W;
						ProvisioningStyle = Automatic;
						SystemCapabilities = {
							com.apple.BackgroundModes = {
								enabled = 1;
							};
						};
					};
				};
			};
			buildConfigurationList = A8AA41E31E276B9300E23A31 /* Build configuration list for PBXProject "tpms-ios" */;
			compatibilityVersion = "Xcode 3.2";
			developmentRegion = English;
			hasScannedForEncodings = 0;
			knownRegions = (
				en,
				Base,
				"zh-Hans",
				"zh-Hant",
			);
			mainGroup = A8AA41DF1E276B9300E23A31;
			productRefGroup = A8AA41E91E276B9300E23A31 /* Products */;
			projectDirPath = "";
			projectRoot = "";
			targets = (
				A8AA41E71E276B9300E23A31 /* tpms-ios */,
			);
		};
/* End PBXProject section */

/* Begin PBXResourcesBuildPhase section */
		A8AA41E61E276B9300E23A31 /* Resources */ = {
			isa = PBXResourcesBuildPhase;
			buildActionMask = 2147483647;
			files = (
				A8012B901E373BE900A3D64C /* voice_tire2_pressure_low.wav in Resources */,
				A8012B891E373BE900A3D64C /* voice_tire1_pressure_high.wav in Resources */,
				A8FBA6E01E34B358007C414C /* CenturyGothicBold.ttf in Resources */,
				A8AA41FB1E276B9300E23A31 /* LaunchScreen.storyboard in Resources */,
				A8402BEA1E344BAD004081F1 /* ic_minus@2x.png in Resources */,
				A8012B881E373BE900A3D64C /* voice_tire1_pressure_error.wav in Resources */,
				A8012B8F1E373BE900A3D64C /* voice_tire2_pressure_high.wav in Resources */,
				A8FBA6CF1E349E1E007C414C /* background_star.png in Resources */,
				A81783BA1E2773CB00AC97D3 /* ic_monitor@2x.png in Resources */,
				A8F62A431E31C3B30014FAC3 /* radio_background_normal@2x.png in Resources */,
				A8F62A421E31C3B30014FAC3 /* radio_background_checked@2x.png in Resources */,
				A81EDB8A1E30A19E0081CEA1 /* bottombar@2x.png in Resources */,
				A8012B8D1E373BE900A3D64C /* voice_tire2_match_success.wav in Resources */,
				A8D9209C1E33A53F00FD75E7 /* picker_background_right@2x.png in Resources */,
				A8012B9D1E373BE900A3D64C /* voice_tire4_temp_high.wav in Resources */,
				A81783B21E2773C100AC97D3 /* ic_bluetooth_off@2x.png in Resources */,
				A8012B981E373BE900A3D64C /* voice_tire4_battery_low.wav in Resources */,
				A8012B931E373BE900A3D64C /* voice_tire3_match_success.wav in Resources */,
				A8FBA6CE1E349E1E007C414C /* background_plain.png in Resources */,
				A8012B8B1E373BE900A3D64C /* voice_tire1_temp_high.wav in Resources */,
				A8E46F4F1E2B617B006AD6E3 /* ic_setting@2x.png in Resources */,
				A8012B9A1E373BE900A3D64C /* voice_tire4_pressure_error.wav in Resources */,
				A8AA41F81E276B9300E23A31 /* Assets.xcassets in Resources */,
				A8012B951E373BE900A3D64C /* voice_tire3_pressure_high.wav in Resources */,
				A8FBA6D91E34A546007C414C /* battery2.png in Resources */,
				A8402BE81E344BA6004081F1 /* ic_add@2x.png in Resources */,
				A81783B81E2773CB00AC97D3 /* ic_exchange@2x.png in Resources */,
				A8FBA6DA1E34A546007C414C /* battery3.png in Resources */,
				A8012B8A1E373BE900A3D64C /* voice_tire1_pressure_low.wav in Resources */,
				A8A15DCA1E2F60FA00837F25 /* car.png in Resources */,
				A8FBA6D81E34A546007C414C /* battery1.png in Resources */,
				A819A2031E30FE6C00AE66CB /* tab_background_bottom@2x.png in Resources */,
				A8012B961E373BE900A3D64C /* voice_tire3_pressure_low.wav in Resources */,
				A81783B91E2773CB00AC97D3 /* ic_learn@2x.png in Resources */,
				A81186581E31EF120037D916 /* Localizable.strings in Resources */,
				A8FBA6D71E34A546007C414C /* battery0.png in Resources */,
				A8D9209B1E33A53F00FD75E7 /* picker_background_left@2x.png in Resources */,
				A8012B9C1E373BE900A3D64C /* voice_tire4_pressure_low.wav in Resources */,
				A8AA41F61E276B9300E23A31 /* Main.storyboard in Resources */,
				A81783B31E2773C100AC97D3 /* ic_bluetooth@2x.png in Resources */,
				A8012B9B1E373BE900A3D64C /* voice_tire4_pressure_high.wav in Resources */,
				A805DBBC1E345F2B00D3F981 /* ic_tire_off@2x.png in Resources */,
				A8012B991E373BE900A3D64C /* voice_tire4_match_success.wav in Resources */,
				A8012B941E373BE900A3D64C /* voice_tire3_pressure_error.wav in Resources */,
				A8012B911E373BE900A3D64C /* voice_tire2_temp_high.wav in Resources */,
				A8A35CD91E320AA2000FF29C /* ic_voice_on@2x.png in Resources */,
				A8012B861E373BE900A3D64C /* voice_tire1_battery_low.wav in Resources */,
				A8A35CD81E320AA2000FF29C /* ic_voice_off@2x.png in Resources */,
				A8012B921E373BE900A3D64C /* voice_tire3_battery_low.wav in Resources */,
				A8012B971E373BE900A3D64C /* voice_tire3_temp_high.wav in Resources */,
				A8012B871E373BE900A3D64C /* voice_tire1_match_success.wav in Resources */,
				A8FBA6CD1E349E1E007C414C /* background_modern.png in Resources */,
				A8D9209A1E33A53F00FD75E7 /* picker_background_center@2x.png in Resources */,
				A8012B8E1E373BE900A3D64C /* voice_tire2_pressure_error.wav in Resources */,
				A8012B8C1E373BE900A3D64C /* voice_tire2_battery_low.wav in Resources */,
			);
			runOnlyForDeploymentPostprocessing = 0;
		};
/* End PBXResourcesBuildPhase section */

/* Begin PBXSourcesBuildPhase section */
		A8AA41E41E276B9300E23A31 /* Sources */ = {
			isa = PBXSourcesBuildPhase;
			buildActionMask = 2147483647;
			files = (
				A8F41F2E1E348CC000AA4A41 /* CustomIOS7AlertView.m in Sources */,
				A898671A1E35AD0F005442EF /* BleDriver.m in Sources */,
				A81783C31E27767600AC97D3 /* Common.m in Sources */,
				A8D920961E32124400FD75E7 /* NumberPicker.m in Sources */,
				A89867091E35986B005442EF /* ScanViewController.m in Sources */,
				A8AA41F31E276B9300E23A31 /* ViewController.m in Sources */,
				A8FBA6D21E34A441007C414C /* TireStatusView.m in Sources */,
				A81186601E31F0770037D916 /* FGLanguageTool.m in Sources */,
				A8FBA6DE1E34A614007C414C /* TireStatus.m in Sources */,
				A8AA41F01E276B9300E23A31 /* AppDelegate.m in Sources */,
				A83C14951E2E0CBE00EFCE78 /* LearnViewController.m in Sources */,
				A8AA41ED1E276B9300E23A31 /* main.m in Sources */,
				A805DBC21E3469BF00D3F981 /* TireButton.m in Sources */,
				A87DB5061E31A40500596D42 /* RadioGroup.m in Sources */,
				A83C14981E2E0CCD00EFCE78 /* ExchangeViewController.m in Sources */,
				A8E46F521E2B69CD006AD6E3 /* SettingViewController.m in Sources */,
				A8E93D191E35E5840048EA98 /* WriteCommand.m in Sources */,
				A83C14921E2E0CAE00EFCE78 /* MonitorViewController.m in Sources */,
				A89867121E359ECA005442EF /* TpmsDevice.m in Sources */,
			);
			runOnlyForDeploymentPostprocessing = 0;
		};
/* End PBXSourcesBuildPhase section */

/* Begin PBXVariantGroup section */
		A811865A1E31EF120037D916 /* Localizable.strings */ = {
			isa = PBXVariantGroup;
			children = (
				A811865B1E31EF210037D916 /* zh-Hans */,
				A811865C1E31EF2A0037D916 /* zh-Hant */,
				A81186621E31F17C0037D916 /* en */,
			);
			name = Localizable.strings;
			sourceTree = "<group>";
		};
		A8AA41F41E276B9300E23A31 /* Main.storyboard */ = {
			isa = PBXVariantGroup;
			children = (
				A8AA41F51E276B9300E23A31 /* Base */,
			);
			name = Main.storyboard;
			sourceTree = "<group>";
		};
		A8AA41F91E276B9300E23A31 /* LaunchScreen.storyboard */ = {
			isa = PBXVariantGroup;
			children = (
				A8AA41FA1E276B9300E23A31 /* Base */,
			);
			name = LaunchScreen.storyboard;
			sourceTree = "<group>";
		};
/* End PBXVariantGroup section */

/* Begin XCBuildConfiguration section */
		A8AA41FD1E276B9300E23A31 /* Debug */ = {
			isa = XCBuildConfiguration;
			buildSettings = {
				ALWAYS_SEARCH_USER_PATHS = NO;
				CLANG_ANALYZER_LOCALIZABILITY_NONLOCALIZED = YES;
				CLANG_ANALYZER_NONNULL = YES;
				CLANG_CXX_LANGUAGE_STANDARD = "gnu++0x";
				CLANG_CXX_LIBRARY = "libc++";
				CLANG_ENABLE_MODULES = YES;
				CLANG_ENABLE_OBJC_ARC = YES;
				CLANG_WARN_BOOL_CONVERSION = YES;
				CLANG_WARN_CONSTANT_CONVERSION = YES;
				CLANG_WARN_DIRECT_OBJC_ISA_USAGE = YES_ERROR;
				CLANG_WARN_DOCUMENTATION_COMMENTS = YES;
				CLANG_WARN_EMPTY_BODY = YES;
				CLANG_WARN_ENUM_CONVERSION = YES;
				CLANG_WARN_INFINITE_RECURSION = YES;
				CLANG_WARN_INT_CONVERSION = YES;
				CLANG_WARN_OBJC_ROOT_CLASS = YES_ERROR;
				CLANG_WARN_SUSPICIOUS_MOVES = YES;
				CLANG_WARN_UNREACHABLE_CODE = YES;
				CLANG_WARN__DUPLICATE_METHOD_MATCH = YES;
				"CODE_SIGN_IDENTITY[sdk=iphoneos*]" = "iPhone Developer";
				COPY_PHASE_STRIP = NO;
				DEBUG_INFORMATION_FORMAT = dwarf;
				ENABLE_STRICT_OBJC_MSGSEND = YES;
				ENABLE_TESTABILITY = YES;
				GCC_C_LANGUAGE_STANDARD = gnu99;
				GCC_DYNAMIC_NO_PIC = NO;
				GCC_NO_COMMON_BLOCKS = YES;
				GCC_OPTIMIZATION_LEVEL = 0;
				GCC_PREPROCESSOR_DEFINITIONS = (
					"DEBUG=1",
					"$(inherited)",
				);
				GCC_WARN_64_TO_32_BIT_CONVERSION = YES;
				GCC_WARN_ABOUT_RETURN_TYPE = YES_ERROR;
				GCC_WARN_UNDECLARED_SELECTOR = YES;
				GCC_WARN_UNINITIALIZED_AUTOS = YES_AGGRESSIVE;
				GCC_WARN_UNUSED_FUNCTION = YES;
				GCC_WARN_UNUSED_VARIABLE = YES;
				IPHONEOS_DEPLOYMENT_TARGET = 10.0;
				MTL_ENABLE_DEBUG_INFO = YES;
				ONLY_ACTIVE_ARCH = YES;
				SDKROOT = iphoneos;
				TARGETED_DEVICE_FAMILY = "1,2";
			};
			name = Debug;
		};
		A8AA41FE1E276B9300E23A31 /* Release */ = {
			isa = XCBuildConfiguration;
			buildSettings = {
				ALWAYS_SEARCH_USER_PATHS = NO;
				CLANG_ANALYZER_LOCALIZABILITY_NONLOCALIZED = YES;
				CLANG_ANALYZER_NONNULL = YES;
				CLANG_CXX_LANGUAGE_STANDARD = "gnu++0x";
				CLANG_CXX_LIBRARY = "libc++";
				CLANG_ENABLE_MODULES = YES;
				CLANG_ENABLE_OBJC_ARC = YES;
				CLANG_WARN_BOOL_CONVERSION = YES;
				CLANG_WARN_CONSTANT_CONVERSION = YES;
				CLANG_WARN_DIRECT_OBJC_ISA_USAGE = YES_ERROR;
				CLANG_WARN_DOCUMENTATION_COMMENTS = YES;
				CLANG_WARN_EMPTY_BODY = YES;
				CLANG_WARN_ENUM_CONVERSION = YES;
				CLANG_WARN_INFINITE_RECURSION = YES;
				CLANG_WARN_INT_CONVERSION = YES;
				CLANG_WARN_OBJC_ROOT_CLASS = YES_ERROR;
				CLANG_WARN_SUSPICIOUS_MOVES = YES;
				CLANG_WARN_UNREACHABLE_CODE = YES;
				CLANG_WARN__DUPLICATE_METHOD_MATCH = YES;
				"CODE_SIGN_IDENTITY[sdk=iphoneos*]" = "iPhone Developer";
				COPY_PHASE_STRIP = NO;
				DEBUG_INFORMATION_FORMAT = "dwarf-with-dsym";
				ENABLE_NS_ASSERTIONS = NO;
				ENABLE_STRICT_OBJC_MSGSEND = YES;
				GCC_C_LANGUAGE_STANDARD = gnu99;
				GCC_NO_COMMON_BLOCKS = YES;
				GCC_WARN_64_TO_32_BIT_CONVERSION = YES;
				GCC_WARN_ABOUT_RETURN_TYPE = YES_ERROR;
				GCC_WARN_UNDECLARED_SELECTOR = YES;
				GCC_WARN_UNINITIALIZED_AUTOS = YES_AGGRESSIVE;
				GCC_WARN_UNUSED_FUNCTION = YES;
				GCC_WARN_UNUSED_VARIABLE = YES;
				IPHONEOS_DEPLOYMENT_TARGET = 10.0;
				MTL_ENABLE_DEBUG_INFO = NO;
				SDKROOT = iphoneos;
				TARGETED_DEVICE_FAMILY = "1,2";
				VALIDATE_PRODUCT = YES;
			};
			name = Release;
		};
		A8AA42001E276B9300E23A31 /* Debug */ = {
			isa = XCBuildConfiguration;
			buildSettings = {
				ASSETCATALOG_COMPILER_APPICON_NAME = AppIcon;
				DEVELOPMENT_TEAM = 9TDVLJYH6W;
				INFOPLIST_FILE = "tpms-ios/Info.plist";
				IPHONEOS_DEPLOYMENT_TARGET = 8.0;
				LD_RUNPATH_SEARCH_PATHS = "$(inherited) @executable_path/Frameworks";
				PRODUCT_BUNDLE_IDENTIFIER = "com.ttonway.tpms-ios";
				PRODUCT_NAME = "$(TARGET_NAME)";
				TARGETED_DEVICE_FAMILY = 1;
			};
			name = Debug;
		};
		A8AA42011E276B9300E23A31 /* Release */ = {
			isa = XCBuildConfiguration;
			buildSettings = {
				ASSETCATALOG_COMPILER_APPICON_NAME = AppIcon;
				DEVELOPMENT_TEAM = 9TDVLJYH6W;
				INFOPLIST_FILE = "tpms-ios/Info.plist";
				IPHONEOS_DEPLOYMENT_TARGET = 8.0;
				LD_RUNPATH_SEARCH_PATHS = "$(inherited) @executable_path/Frameworks";
				PRODUCT_BUNDLE_IDENTIFIER = "com.ttonway.tpms-ios";
				PRODUCT_NAME = "$(TARGET_NAME)";
				TARGETED_DEVICE_FAMILY = 1;
			};
			name = Release;
		};
/* End XCBuildConfiguration section */

/* Begin XCConfigurationList section */
		A8AA41E31E276B9300E23A31 /* Build configuration list for PBXProject "tpms-ios" */ = {
			isa = XCConfigurationList;
			buildConfigurations = (
				A8AA41FD1E276B9300E23A31 /* Debug */,
				A8AA41FE1E276B9300E23A31 /* Release */,
			);
			defaultConfigurationIsVisible = 0;
			defaultConfigurationName = Release;
		};
		A8AA41FF1E276B9300E23A31 /* Build configuration list for PBXNativeTarget "tpms-ios" */ = {
			isa = XCConfigurationList;
			buildConfigurations = (
				A8AA42001E276B9300E23A31 /* Debug */,
				A8AA42011E276B9300E23A31 /* Release */,
			);
			defaultConfigurationIsVisible = 0;
			defaultConfigurationName = Release;
		};
/* End XCConfigurationList section */
	};
	rootObject = A8AA41E01E276B9300E23A31 /* Project object */;
}
